
Microsoft Visual Studio Solution File, Format Version 12.00
# Visual Studio Version 16
VisualStudioVersion = 16.0.29609.76
MinimumVisualStudioVersion = 10.0.40219.1
Project("{FAE04EC0-301F-11D3-BF4B-00C04F79EFBC}") = "MonitorMicroservice", "MonitorMicroservice.csproj", "{B38877AD-FA6A-47D7-9251-8EE34175A141}"
EndProject
Global
	GlobalSection(SolutionConfigurationPlatforms) = preSolution
		Debug|Any CPU = Debug|Any CPU
		Release|Any CPU = Release|Any CPU
	EndGlobalSection
	GlobalSection(ProjectConfigurationPlatforms) = postSolution
		{B38877AD-FA6A-47D7-9251-8EE34175A141}.Debug|Any CPU.ActiveCfg = Debug|Any CPU
		{B38877AD-FA6A-47D7-9251-8EE34175A141}.Debug|Any CPU.Build.0 = Debug|Any CPU
		{B38877AD-FA6A-47D7-9251-8EE34175A141}.Release|Any CPU.ActiveCfg = Release|Any CPU
		{B38877AD-FA6A-47D7-9251-8EE34175A141}.Release|Any CPU.Build.0 = Release|Any CPU
	EndGlobalSection
	GlobalSection(SolutionProperties) = preSolution
		HideSolutionNode = FALSE
	EndGlobalSection
	GlobalSection(ExtensibilityGlobals) = postSolution
		SolutionGuid = {8CF472B9-C043-485E-9F28-5DE43B330E7E}
	EndGlobalSection
EndGlobal
